// !$*UTF8*$!
{
	archiveVersion = 1;
	classes = {
	};
	objectVersion = 77;
	objects = {

/* Begin PBXBuildFile section */
		110F66312F6D9500004ADE40 /* FirebaseAnalytics in Frameworks */ = {isa = PBXBuildFile; productRef = 110F66302F6D9500004ADE40 /* FirebaseAnalytics */; };
		110F66332F6D9500004ADE40 /* FirebaseAuth in Frameworks */ = {isa = PBXBuildFile; productRef = 110F66322F6D9500004ADE40 /* FirebaseAuth */; };
		110F66352F6D9500004ADE40 /* FirebaseFirestore in Frameworks */ = {isa = PBXBuildFile; productRef = 110F66342F6D9500004ADE40 /* FirebaseFirestore */; };
		110F66372F6D9500004ADE40 /* FirebaseStorage in Frameworks */ = {isa = PBXBuildFile; productRef = 110F66362F6D9500004ADE40 /* FirebaseStorage */; };
		110F66E52F705DF1004ADE40 /* FirebaseMessaging in Frameworks */ = {isa = PBXBuildFile; productRef = 110F66E42F705DF1004ADE40 /* FirebaseMessaging */; };
/* End PBXBuildFile section */

/* Begin PBXContainerItemProxy section */
		1140EE812F6C2E5E00548DC3 /* PBXContainerItemProxy */ = {
			isa = PBXContainerItemProxy;
			containerPortal = 1140EE6B2F6C2E5900548DC3 /* Project object */;
			proxyType = 1;
			remoteGlobalIDString = 1140EE722F6C2E5900548DC3;
			remoteInfo = Fixie;
		};
		1140EE8B2F6C2E5E00548DC3 /* PBXContainerItemProxy */ = {
			isa = PBXContainerItemProxy;
			containerPortal = 1140EE6B2F6C2E5900548DC3 /* Project object */;
			proxyType = 1;
			remoteGlobalIDString = 1140EE722F6C2E5900548DC3;
			remoteInfo = Fixie;
		};
/* End PBXContainerItemProxy section */

/* Begin PBXFileReference section */
		1140EE732F6C2E5900548DC3 /* Fixie.app */ = {isa = PBXFileReference; explicitFileType = wrapper.application; includeInIndex = 0; path = Fixie.app; sourceTree = BUILT_PRODUCTS_DIR; };
		1140EE802F6C2E5E00548DC3 /* FixieTests.xctest */ = {isa = PBXFileReference; explicitFileType = wrapper.cfbundle; includeInIndex = 0; path = FixieTests.xctest; sourceTree = BUILT_PRODUCTS_DIR; };
		1140EE8A2F6C2E5E00548DC3 /* FixieUITests.xctest */ = {isa = PBXFileReference; explicitFileType = wrapper.cfbundle; includeInIndex = 0; path = FixieUITests.xctest; sourceTree = BUILT_PRODUCTS_DIR; };
/* End PBXFileReference section */

/* Begin PBXFileSystemSynchronizedBuildFileExceptionSet section */
		110F66E72F7060A9004ADE40 /* Exceptions for "Fixie" folder in "Fixie" target */ = {
			isa = PBXFileSystemSynchronizedBuildFileExceptionSet;
			membershipExceptions = (
				Info.plist,
			);
			target = 1140EE722F6C2E5900548DC3 /* Fixie */;
		};
/* End PBXFileSystemSynchronizedBuildFileExceptionSet section */

/* Begin PBXFileSystemSynchronizedRootGroup section */
		1140EE752F6C2E5900548DC3 /* Fixie */ = {
			isa = PBXFileSystemSynchronizedRootGroup;
			exceptions = (
				110F66E72F7060A9004ADE40 /* Exceptions for "Fixie" folder in "Fixie" target */,
			);
			path = Fixie;
			sourceTree = "<group>";
		};
		1140EE832F6C2E5E00548DC3 /* FixieTests */ = {
			isa = PBXFileSystemSynchronizedRootGroup;
			path = FixieTests;
			sourceTree = "<group>";
		};
		1140EE8D2F6C2E5E00548DC3 /* FixieUITests */ = {
			isa = PBXFileSystemSynchronizedRootGroup;
			path = FixieUITests;
			sourceTree = "<group>";
		};
/* End PBXFileSystemSynchronizedRootGroup section */

/* Begin PBXFrameworksBuildPhase section */
		1140EE702F6C2E5900548DC3 /* Frameworks */ = {
			isa = PBXFrameworksBuildPhase;
			buildActionMask = 2147483647;
			files = (
				110F66312F6D9500004ADE40 /* FirebaseAnalytics in Frameworks */,
				110F66372F6D9500004ADE40 /* FirebaseStorage in Frameworks */,
				110F66E52F705DF1004ADE40 /* FirebaseMessaging in Frameworks */,
				110F66332F6D9500004ADE40 /* FirebaseAuth in Frameworks */,
				110F66352F6D9500004ADE40 /* FirebaseFirestore in Frameworks */,
			);
			runOnlyForDeploymentPostprocessing = 0;
		};
		1140EE7D2F6C2E5E00548DC3 /* Frameworks */ = {
			isa = PBXFrameworksBuildPhase;
			buildActionMask = 2147483647;
			files = (
			);
			runOnlyForDeploymentPostprocessing = 0;
		};
		1140EE872F6C2E5E00548DC3 /* Frameworks */ = {
			isa = PBXFrameworksBuildPhase;
			buildActionMask = 2147483647;
			files = (
			);
			runOnlyForDeploymentPostprocessing = 0;
		};
/* End PBXFrameworksBuildPhase section */

/* Begin PBXGroup section */
		110F66E32F705DF1004ADE40 /* Frameworks */ = {
			isa = PBXGroup;
			children = (
			);
			name = Frameworks;
			sourceTree = "<group>";
		};
		1140EE6A2F6C2E5900548DC3 = {
			isa = PBXGroup;
			children = (
				1140EE752F6C2E5900548DC3 /* Fixie */,
				1140EE832F6C2E5E00548DC3 /* FixieTests */,
				1140EE8D2F6C2E5E00548DC3 /* FixieUITests */,
				110F66E32F705DF1004ADE40 /* Frameworks */,
				1140EE742F6C2E5900548DC3 /* Products */,
			);
			sourceTree = "<group>";
		};
		1140EE742F6C2E5900548DC3 /* Products */ = {
			isa = PBXGroup;
			children = (
				1140EE732F6C2E5900548DC3 /* Fixie.app */,
				1140EE802F6C2E5E00548DC3 /* FixieTests.xctest */,
				1140EE8A2F6C2E5E00548DC3 /* FixieUITests.xctest */,
			);
			name = Products;
			sourceTree = "<group>";
		};
/* End PBXGroup section */

/* Begin PBXNativeTarget section */
		1140EE722F6C2E5900548DC3 /* Fixie */ = {
			isa = PBXNativeTarget;
			buildConfigurationList = 1140EE942F6C2E5E00548DC3 /* Build configuration list for PBXNativeTarget "Fixie" */;
			buildPhases = (
				1140EE6F2F6C2E5900548DC3 /* Sources */,
				1140EE702F6C2E5900548DC3 /* Frameworks */,
				1140EE712F6C2E5900548DC3 /* Resources */,
			);
			buildRules = (
			);
			dependencies = (
			);
			fileSystemSynchronizedGroups = (
				1140EE752F6C2E5900548DC3 /* Fixie */,
			);
			name = Fixie;
			packageProductDependencies = (
				110F66302F6D9500004ADE40 /* FirebaseAnalytics */,
				110F66322F6D9500004ADE40 /* FirebaseAuth */,
				110F66342F6D9500004ADE40 /* FirebaseFirestore */,
				110F66362F6D9500004ADE40 /* FirebaseStorage */,
				110F66E42F705DF1004ADE40 /* FirebaseMessaging */,
			);
			productName = Fixie;
			productReference = 1140EE732F6C2E5900548DC3 /* Fixie.app */;
			productType = "com.apple.product-type.application";
		};
		1140EE7F2F6C2E5E00548DC3 /* FixieTests */ = {
			isa = PBXNativeTarget;
			buildConfigurationList = 1140EE972F6C2E5E00548DC3 /* Build configuration list for PBXNativeTarget "FixieTests" */;
			buildPhases = (
				1140EE7C2F6C2E5E00548DC3 /* Sources */,
				1140EE7D2F6C2E5E00548DC3 /* Frameworks */,
				1140EE7E2F6C2E5E00548DC3 /* Resources */,
			);
			buildRules = (
			);
			dependencies = (
				1140EE822F6C2E5E00548DC3 /* PBXTargetDependency */,
			);
			fileSystemSynchronizedGroups = (
				1140EE832F6C2E5E00548DC3 /* FixieTests */,
			);
			name = FixieTests;
			packageProductDependencies = (
			);
			productName = FixieTests;
			productReference = 1140EE802F6C2E5E00548DC3 /* FixieTests.xctest */;
			productType = "com.apple.product-type.bundle.unit-test";
		};
		1140EE892F6C2E5E00548DC3 /* FixieUITests */ = {
			isa = PBXNativeTarget;
			buildConfigurationList = 1140EE9A2F6C2E5E00548DC3 /* Build configuration list for PBXNativeTarget "FixieUITests" */;
			buildPhases = (
				1140EE862F6C2E5E00548DC3 /* Sources */,
				1140EE872F6C2E5E00548DC3 /* Frameworks */,
				1140EE882F6C2E5E00548DC3 /* Resources */,
			);
			buildRules = (
			);
			dependencies = (
				1140EE8C2F6C2E5E00548DC3 /* PBXTargetDependency */,
			);
			fileSystemSynchronizedGroups = (
				1140EE8D2F6C2E5E00548DC3 /* FixieUITests */,
			);
			name = FixieUITests;
			packageProductDependencies = (
			);
			productName = FixieUITests;
			productReference = 1140EE8A2F6C2E5E00548DC3 /* FixieUITests.xctest */;
			productType = "com.apple.product-type.bundle.ui-testing";
		};
/* End PBXNativeTarget section */

/* Begin PBXProject section */
		1140EE6B2F6C2E5900548DC3 /* Project object */ = {
			isa = PBXProject;
			attributes = {
				BuildIndependentTargetsInParallel = 1;
				LastSwiftUpdateCheck = 2630;
				LastUpgradeCheck = 2630;
				TargetAttributes = {
					1140EE722F6C2E5900548DC3 = {
						CreatedOnToolsVersion = 26.3;
					};
					1140EE7F2F6C2E5E00548DC3 = {
						CreatedOnToolsVersion = 26.3;
						TestTargetID = 1140EE722F6C2E5900548DC3;
					};
					1140EE892F6C2E5E00548DC3 = {
						CreatedOnToolsVersion = 26.3;
						TestTargetID = 1140EE722F6C2E5900548DC3;
					};
				};
			};
			buildConfigurationList = 1140EE6E2F6C2E5900548DC3 /* Build configuration list for PBXProject "Fixie" */;
			developmentRegion = en;
			hasScannedForEncodings = 0;
			knownRegions = (
				en,
				Base,
			);
			mainGroup = 1140EE6A2F6C2E5900548DC3;
			minimizedProjectReferenceProxies = 1;
			packageReferences = (
				110F662F2F6D9500004ADE40 /* XCRemoteSwiftPackageReference "firebase-ios-sdk" */,
				110F663C2F6DC1BB004ADE40 /* XCRemoteSwiftPackageReference "OpenAI" */,
			);
			preferredProjectObjectVersion = 77;
			productRefGroup = 1140EE742F6C2E5900548DC3 /* Products */;
			projectDirPath = "";
			projectRoot = "";
			targets = (
				1140EE722F6C2E5900548DC3 /* Fixie */,
				1140EE7F2F6C2E5E00548DC3 /* FixieTests */,
				1140EE892F6C2E5E00548DC3 /* FixieUITests */,
			);
		};
/* End PBXProject section */

/* Begin PBXResourcesBuildPhase section */
		1140EE712F6C2E5900548DC3 /* Resources */ = {
			isa = PBXResourcesBuildPhase;
			buildActionMask = 2147483647;
			files = (
			);
			runOnlyForDeploymentPostprocessing = 0;
		};
		1140EE7E2F6C2E5E00548DC3 /* Resources */ = {
			isa = PBXResourcesBuildPhase;
			buildActionMask = 2147483647;
			files = (
			);
			runOnlyForDeploymentPostprocessing = 0;
		};
		1140EE882F6C2E5E00548DC3 /* Resources */ = {
			isa = PBXResourcesBuildPhase;
			buildActionMask = 2147483647;
			files = (
			);
			runOnlyForDeploymentPostprocessing = 0;
		};
/* End PBXResourcesBuildPhase section */

/* Begin PBXSourcesBuildPhase section */
		1140EE6F2F6C2E5900548DC3 /* Sources */ = {
			isa = PBXSourcesBuildPhase;
			buildActionMask = 2147483647;
			files = (
			);
			runOnlyForDeploymentPostprocessing = 0;
		};
		1140EE7C2F6C2E5E00548DC3 /* Sources */ = {
			isa = PBXSourcesBuildPhase;
			buildActionMask = 2147483647;
			files = (
			);
			runOnlyForDeploymentPostprocessing = 0;
		};
		1140EE862F6C2E5E00548DC3 /* Sources */ = {
			isa = PBXSourcesBuildPhase;
			buildActionMask = 2147483647;
			files = (
			);
			runOnlyForDeploymentPostprocessing = 0;
		};
/* End PBXSourcesBuildPhase section */

/* Begin PBXTargetDependency section */
		1140EE822F6C2E5E00548DC3 /* PBXTargetDependency */ = {
			isa = PBXTargetDependency;
			target = 1140EE722F6C2E5900548DC3 /* Fixie */;
			targetProxy = 1140EE812F6C2E5E00548DC3 /* PBXContainerItemProxy */;
		};
		1140EE8C2F6C2E5E00548DC3 /* PBXTargetDependency */ = {
			isa = PBXTargetDependency;
			target = 1140EE722F6C2E5900548DC3 /* Fixie */;
			targetProxy = 1140EE8B2F6C2E5E00548DC3 /* PBXContainerItemProxy */;
		};
/* End PBXTargetDependency section */

/* Begin XCBuildConfiguration section */
		1140EE922F6C2E5E00548DC3 /* Debug */ = {
			isa = XCBuildConfiguration;
			buildSettings = {
				ALWAYS_SEARCH_USER_PATHS = NO;
				ASSETCATALOG_COMPILER_GENERATE_SWIFT_ASSET_SYMBOL_EXTENSIONS = YES;
				CLANG_ANALYZER_NONNULL = YES;
				CLANG_ANALYZER_NUMBER_OBJECT_CONVERSION = YES_AGGRESSIVE;
				CLANG_CXX_LANGUAGE_STANDARD = "gnu++20";
				CLANG_ENABLE_MODULES = YES;
				CLANG_ENABLE_OBJC_ARC = YES;
				CLANG_ENABLE_OBJC_WEAK = YES;
				CLANG_WARN_BLOCK_CAPTURE_AUTORELEASING = YES;
				CLANG_WARN_BOOL_CONVERSION = YES;
				CLANG_WARN_COMMA = YES;
				CLANG_WARN_CONSTANT_CONVERSION = YES;
				CLANG_WARN_DEPRECATED_OBJC_IMPLEMENTATIONS = YES;
				CLANG_WARN_DIRECT_OBJC_ISA_USAGE = YES_ERROR;
				CLANG_WARN_DOCUMENTATION_COMMENTS = YES;
				CLANG_WARN_EMPTY_BODY = YES;
				CLANG_WARN_ENUM_CONVERSION = YES;
				CLANG_WARN_INFINITE_RECURSION = YES;
				CLANG_WARN_INT_CONVERSION = YES;
				CLANG_WARN_NON_LITERAL_NULL_CONVERSION = YES;
				CLANG_WARN_OBJC_IMPLICIT_RETAIN_SELF = YES;
				CLANG_WARN_OBJC_LITERAL_CONVERSION = YES;
				CLANG_WARN_OBJC_ROOT_CLASS = YES_ERROR;
				CLANG_WARN_QUOTED_INCLUDE_IN_FRAMEWORK_HEADER = YES;
				CLANG_WARN_RANGE_LOOP_ANALYSIS = YES;
				CLANG_WARN_STRICT_PROTOTYPES = YES;
				CLANG_WARN_SUSPICIOUS_MOVE = YES;
				CLANG_WARN_UNGUARDED_AVAILABILITY = YES_AGGRESSIVE;
				CLANG_WARN_UNREACHABLE_CODE = YES;
				CLANG_WARN__DUPLICATE_METHOD_MATCH = YES;
				COPY_PHASE_STRIP = NO;
				DEBUG_INFORMATION_FORMAT = dwarf;
				DEVELOPMENT_TEAM = ML28ZN5EN6;
				ENABLE_STRICT_OBJC_MSGSEND = YES;
				ENABLE_TESTABILITY = YES;
				ENABLE_USER_SCRIPT_SANDBOXING = YES;
				GCC_C_LANGUAGE_STANDARD = gnu17;
				GCC_DYNAMIC_NO_PIC = NO;
				GCC_NO_COMMON_BLOCKS = YES;
				GCC_OPTIMIZATION_LEVEL = 0;
				GCC_PREPROCESSOR_DEFINITIONS = (
					"DEBUG=1",
					"$(inherited)",
				);
				GCC_WARN_64_TO_32_BIT_CONVERSION = YES;
				GCC_WARN_ABOUT_RETURN_TYPE = YES_ERROR;
				GCC_WARN_UNDECLARED_SELECTOR = YES;
				GCC_WARN_UNINITIALIZED_AUTOS = YES_AGGRESSIVE;
				GCC_WARN_UNUSED_FUNCTION = YES;
				GCC_WARN_UNUSED_VARIABLE = YES;
				IPHONEOS_DEPLOYMENT_TARGET = 26.2;
				LOCALIZATION_PREFERS_STRING_CATALOGS = YES;
				MTL_ENABLE_DEBUG_INFO = INCLUDE_SOURCE;
				MTL_FAST_MATH = YES;
				ONLY_ACTIVE_ARCH = YES;
				SDKROOT = iphoneos;
				SWIFT_ACTIVE_COMPILATION_CONDITIONS = "DEBUG $(inherited)";
				SWIFT_OPTIMIZATION_LEVEL = "-Onone";
			};
			name = Debug;
		};
		1140EE932F6C2E5E00548DC3 /* Release */ = {
			isa = XCBuildConfiguration;
			buildSettings = {
				ALWAYS_SEARCH_USER_PATHS = NO;
				ASSETCATALOG_COMPILER_GENERATE_SWIFT_ASSET_SYMBOL_EXTENSIONS = YES;
				CLANG_ANALYZER_NONNULL = YES;
				CLANG_ANALYZER_NUMBER_OBJECT_CONVERSION = YES_AGGRESSIVE;
				CLANG_CXX_LANGUAGE_STANDARD = "gnu++20";
				CLANG_ENABLE_MODULES = YES;
				CLANG_ENABLE_OBJC_ARC = YES;
				CLANG_ENABLE_OBJC_WEAK = YES;
				CLANG_WARN_BLOCK_CAPTURE_AUTORELEASING = YES;
				CLANG_WARN_BOOL_CONVERSION = YES;
				CLANG_WARN_COMMA = YES;
				CLANG_WARN_CONSTANT_CONVERSION = YES;
				CLANG_WARN_DEPRECATED_OBJC_IMPLEMENTATIONS = YES;
				CLANG_WARN_DIRECT_OBJC_ISA_USAGE = YES_ERROR;
				CLANG_WARN_DOCUMENTATION_COMMENTS = YES;
				CLANG_WARN_EMPTY_BODY = YES;
				CLANG_WARN_ENUM_CONVERSION = YES;
				CLANG_WARN_INFINITE_RECURSION = YES;
				CLANG_WARN_INT_CONVERSION = YES;
				CLANG_WARN_NON_LITERAL_NULL_CONVERSION = YES;
				CLANG_WARN_OBJC_IMPLICIT_RETAIN_SELF = YES;
				CLANG_WARN_OBJC_LITERAL_CONVERSION = YES;
				CLANG_WARN_OBJC_ROOT_CLASS = YES_ERROR;
				CLANG_WARN_QUOTED_INCLUDE_IN_FRAMEWORK_HEADER = YES;
				CLANG_WARN_RANGE_LOOP_ANALYSIS = YES;
				CLANG_WARN_STRICT_PROTOTYPES = YES;
				CLANG_WARN_SUSPICIOUS_MOVE = YES;
				CLANG_WARN_UNGUARDED_AVAILABILITY = YES_AGGRESSIVE;
				CLANG_WARN_UNREACHABLE_CODE = YES;
				CLANG_WARN__DUPLICATE_METHOD_MATCH = YES;
				COPY_PHASE_STRIP = NO;
				DEBUG_INFORMATION_FORMAT = "dwarf-with-dsym";
				DEVELOPMENT_TEAM = ML28ZN5EN6;
				ENABLE_NS_ASSERTIONS = NO;
				ENABLE_STRICT_OBJC_MSGSEND = YES;
				ENABLE_USER_SCRIPT_SANDBOXING = YES;
				GCC_C_LANGUAGE_STANDARD = gnu17;
				GCC_NO_COMMON_BLOCKS = YES;
				GCC_WARN_64_TO_32_BIT_CONVERSION = YES;
				GCC_WARN_ABOUT_RETURN_TYPE = YES_ERROR;
				GCC_WARN_UNDECLARED_SELECTOR = YES;
				GCC_WARN_UNINITIALIZED_AUTOS = YES_AGGRESSIVE;
				GCC_WARN_UNUSED_FUNCTION = YES;
				GCC_WARN_UNUSED_VARIABLE = YES;
				IPHONEOS_DEPLOYMENT_TARGET = 26.2;
				LOCALIZATION_PREFERS_STRING_CATALOGS = YES;
				MTL_ENABLE_DEBUG_INFO = NO;
				MTL_FAST_MATH = YES;
				SDKROOT = iphoneos;
				SWIFT_COMPILATION_MODE = wholemodule;
				VALIDATE_PRODUCT = YES;
			};
			name = Release;
		};
		1140EE952F6C2E5E00548DC3 /* Debug */ = {
			isa = XCBuildConfiguration;
			buildSettings = {
				ASSETCATALOG_COMPILER_APPICON_NAME = AppIcon;
				ASSETCATALOG_COMPILER_GLOBAL_ACCENT_COLOR_NAME = AccentColor;
				CODE_SIGN_ENTITLEMENTS = Fixie/Fixie.entitlements;
				CODE_SIGN_STYLE = Automatic;
				CURRENT_PROJECT_VERSION = 6.3;
				DEVELOPMENT_TEAM = ML28ZN5EN6;
				ENABLE_PREVIEWS = YES;
				GENERATE_INFOPLIST_FILE = YES;
				INFOPLIST_FILE = Fixie/Info.plist;
				INFOPLIST_KEY_CFBundleDisplayName = "Fixie AI";
				INFOPLIST_KEY_NSCameraUsageDescription = "Fixie AI uses your camera to identify appliances, diagnose problems, and overlay AR repair guidance.";
				INFOPLIST_KEY_NSLocationWhenInUseUsageDescription = "Fixie uses your location to provide weather-based safety warnings before repairs.";
				INFOPLIST_KEY_NSMicrophoneUsageDescription = "Fixie listens to mechanical sounds in Listen mode to help diagnose equipment issues.";
				INFOPLIST_KEY_NSWeatherKitUsageDescription = "Fixie uses WeatherKit to warn you about freeze risk, heat advisories, and cold-brittle conditions before you start a repair.";
				INFOPLIST_KEY_UIApplicationSceneManifest_Generation = YES;
				INFOPLIST_KEY_UIApplicationSupportsIndirectInputEvents = YES;
				INFOPLIST_KEY_UILaunchScreen_Generation = YES;
				INFOPLIST_KEY_UISupportedInterfaceOrientations_iPad = "UIInterfaceOrientationPortrait UIInterfaceOrientationPortraitUpsideDown UIInterfaceOrientationLandscapeLeft UIInterfaceOrientationLandscapeRight";
				INFOPLIST_KEY_UISupportedInterfaceOrientations_iPhone = "UIInterfaceOrientationPortrait UIInterfaceOrientationLandscapeLeft UIInterfaceOrientationLandscapeRight";
				LD_RUNPATH_SEARCH_PATHS = (
					"$(inherited)",
					"@executable_path/Frameworks",
				);
				MARKETING_VERSION = 1.0;
				PRODUCT_BUNDLE_IDENTIFIER = com.fixie;
				PRODUCT_NAME = "$(TARGET_NAME)";
				STRING_CATALOG_GENERATE_SYMBOLS = YES;
				SWIFT_APPROACHABLE_CONCURRENCY = YES;
				SWIFT_DEFAULT_ACTOR_ISOLATION = MainActor;
				SWIFT_EMIT_LOC_STRINGS = YES;
				SWIFT_UPCOMING_FEATURE_MEMBER_IMPORT_VISIBILITY = YES;
				SWIFT_VERSION = 5.0;
				TARGETED_DEVICE_FAMILY = "1,2";
			};
			name = Debug;
		};
		1140EE962F6C2E5E00548DC3 /* Release */ = {
			isa = XCBuildConfiguration;
			buildSettings = {
				ASSETCATALOG_COMPILER_APPICON_NAME = AppIcon;
				ASSETCATALOG_COMPILER_GLOBAL_ACCENT_COLOR_NAME = AccentColor;
				CODE_SIGN_ENTITLEMENTS = Fixie/Fixie.entitlements;
				CODE_SIGN_STYLE = Automatic;
				CURRENT_PROJECT_VERSION = 6.3;
				DEVELOPMENT_TEAM = ML28ZN5EN6;
				ENABLE_PREVIEWS = YES;
				GENERATE_INFOPLIST_FILE = YES;
				INFOPLIST_FILE = Fixie/Info.plist;
				INFOPLIST_KEY_CFBundleDisplayName = "Fixie AI";
				INFOPLIST_KEY_NSCameraUsageDescription = "Fixie AI uses your camera to identify appliances, diagnose problems, and overlay AR repair guidance.";
				INFOPLIST_KEY_NSLocationWhenInUseUsageDescription = "Fixie uses your location to provide weather-based safety warnings before repairs.";
				INFOPLIST_KEY_NSMicrophoneUsageDescription = "Fixie listens to mechanical sounds in Listen mode to help diagnose equipment issues.";
				INFOPLIST_KEY_NSWeatherKitUsageDescription = "Fixie uses WeatherKit to warn you about freeze risk, heat advisories, and cold-brittle conditions before you start a repair.";
				INFOPLIST_KEY_UIApplicationSceneManifest_Generation = YES;
				INFOPLIST_KEY_UIApplicationSupportsIndirectInputEvents = YES;
				INFOPLIST_KEY_UILaunchScreen_Generation = YES;
				INFOPLIST_KEY_UISupportedInterfaceOrientations_iPad = "UIInterfaceOrientationPortrait UIInterfaceOrientationPortraitUpsideDown UIInterfaceOrientationLandscapeLeft UIInterfaceOrientationLandscapeRight";
				INFOPLIST_KEY_UISupportedInterfaceOrientations_iPhone = "UIInterfaceOrientationPortrait UIInterfaceOrientationLandscapeLeft UIInterfaceOrientationLandscapeRight";
				LD_RUNPATH_SEARCH_PATHS = (
					"$(inherited)",
					"@executable_path/Frameworks",
				);
				MARKETING_VERSION = 1.0;
				PRODUCT_BUNDLE_IDENTIFIER = com.fixie;
				PRODUCT_NAME = "$(TARGET_NAME)";
				STRING_CATALOG_GENERATE_SYMBOLS = YES;
				SWIFT_APPROACHABLE_CONCURRENCY = YES;
				SWIFT_DEFAULT_ACTOR_ISOLATION = MainActor;
				SWIFT_EMIT_LOC_STRINGS = YES;
				SWIFT_UPCOMING_FEATURE_MEMBER_IMPORT_VISIBILITY = YES;
				SWIFT_VERSION = 5.0;
				TARGETED_DEVICE_FAMILY = "1,2";
			};
			name = Release;
		};
		1140EE982F6C2E5E00548DC3 /* Debug */ = {
			isa = XCBuildConfiguration;
			buildSettings = {
				BUNDLE_LOADER = "$(TEST_HOST)";
				CODE_SIGN_STYLE = Automatic;
				CURRENT_PROJECT_VERSION = 1;
				DEVELOPMENT_TEAM = ML28ZN5EN6;
				GENERATE_INFOPLIST_FILE = YES;
				IPHONEOS_DEPLOYMENT_TARGET = 26.2;
				MARKETING_VERSION = 1.0;
				PRODUCT_BUNDLE_IDENTIFIER = HDC.FixieTests;
				PRODUCT_NAME = "$(TARGET_NAME)";
				STRING_CATALOG_GENERATE_SYMBOLS = NO;
				SWIFT_APPROACHABLE_CONCURRENCY = YES;
				SWIFT_EMIT_LOC_STRINGS = NO;
				SWIFT_UPCOMING_FEATURE_MEMBER_IMPORT_VISIBILITY = YES;
				SWIFT_VERSION = 5.0;
				TARGETED_DEVICE_FAMILY = "1,2";
				TEST_HOST = "$(BUILT_PRODUCTS_DIR)/Fixie.app/$(BUNDLE_EXECUTABLE_FOLDER_PATH)/Fixie";
			};
			name = Debug;
		};
		1140EE992F6C2E5E00548DC3 /* Release */ = {
			isa = XCBuildConfiguration;
			buildSettings = {
				BUNDLE_LOADER = "$(TEST_HOST)";
				CODE_SIGN_STYLE = Automatic;
				CURRENT_PROJECT_VERSION = 1;
				DEVELOPMENT_TEAM = ML28ZN5EN6;
				GENERATE_INFOPLIST_FILE = YES;
				IPHONEOS_DEPLOYMENT_TARGET = 26.2;
				MARKETING_VERSION = 1.0;
				PRODUCT_BUNDLE_IDENTIFIER = HDC.FixieTests;
				PRODUCT_NAME = "$(TARGET_NAME)";
				STRING_CATALOG_GENERATE_SYMBOLS = NO;
				SWIFT_APPROACHABLE_CONCURRENCY = YES;
				SWIFT_EMIT_LOC_STRINGS = NO;
				SWIFT_UPCOMING_FEATURE_MEMBER_IMPORT_VISIBILITY = YES;
				SWIFT_VERSION = 5.0;
				TARGETED_DEVICE_FAMILY = "1,2";
				TEST_HOST = "$(BUILT_PRODUCTS_DIR)/Fixie.app/$(BUNDLE_EXECUTABLE_FOLDER_PATH)/Fixie";
			};
			name = Release;
		};
		1140EE9B2F6C2E5E00548DC3 /* Debug */ = {
			isa = XCBuildConfiguration;
			buildSettings = {
				CODE_SIGN_STYLE = Automatic;
				CURRENT_PROJECT_VERSION = 1;
				DEVELOPMENT_TEAM = ML28ZN5EN6;
				GENERATE_INFOPLIST_FILE = YES;
				MARKETING_VERSION = 1.0;
				PRODUCT_BUNDLE_IDENTIFIER = com.fixie;
				PRODUCT_NAME = "$(TARGET_NAME)";
				STRING_CATALOG_GENERATE_SYMBOLS = NO;
				SWIFT_APPROACHABLE_CONCURRENCY = YES;
				SWIFT_EMIT_LOC_STRINGS = NO;
				SWIFT_UPCOMING_FEATURE_MEMBER_IMPORT_VISIBILITY = YES;
				SWIFT_VERSION = 5.0;
				TARGETED_DEVICE_FAMILY = "1,2";
				TEST_TARGET_NAME = Fixie;
			};
			name = Debug;
		};
		1140EE9C2F6C2E5E00548DC3 /* Release */ = {
			isa = XCBuildConfiguration;
			buildSettings = {
				CODE_SIGN_STYLE = Automatic;
				CURRENT_PROJECT_VERSION = 1;
				DEVELOPMENT_TEAM = ML28ZN5EN6;
				GENERATE_INFOPLIST_FILE = YES;
				MARKETING_VERSION = 1.0;
				PRODUCT_BUNDLE_IDENTIFIER = com.fixie;
				PRODUCT_NAME = "$(TARGET_NAME)";
				STRING_CATALOG_GENERATE_SYMBOLS = NO;
				SWIFT_APPROACHABLE_CONCURRENCY = YES;
				SWIFT_EMIT_LOC_STRINGS = NO;
				SWIFT_UPCOMING_FEATURE_MEMBER_IMPORT_VISIBILITY = YES;
				SWIFT_VERSION = 5.0;
				TARGETED_DEVICE_FAMILY = "1,2";
				TEST_TARGET_NAME = Fixie;
			};
			name = Release;
		};
/* End XCBuildConfiguration section */

/* Begin XCConfigurationList section */
		1140EE6E2F6C2E5900548DC3 /* Build configuration list for PBXProject "Fixie" */ = {
			isa = XCConfigurationList;
			buildConfigurations = (
				1140EE922F6C2E5E00548DC3 /* Debug */,
				1140EE932F6C2E5E00548DC3 /* Release */,
			);
			defaultConfigurationIsVisible = 0;
			defaultConfigurationName = Release;
		};
		1140EE942F6C2E5E00548DC3 /* Build configuration list for PBXNativeTarget "Fixie" */ = {
			isa = XCConfigurationList;
			buildConfigurations = (
				1140EE952F6C2E5E00548DC3 /* Debug */,
				1140EE962F6C2E5E00548DC3 /* Release */,
			);
			defaultConfigurationIsVisible = 0;
			defaultConfigurationName = Release;
		};
		1140EE972F6C2E5E00548DC3 /* Build configuration list for PBXNativeTarget "FixieTests" */ = {
			isa = XCConfigurationList;
			buildConfigurations = (
				1140EE982F6C2E5E00548DC3 /* Debug */,
				1140EE992F6C2E5E00548DC3 /* Release */,
			);
			defaultConfigurationIsVisible = 0;
			defaultConfigurationName = Release;
		};
		1140EE9A2F6C2E5E00548DC3 /* Build configuration list for PBXNativeTarget "FixieUITests" */ = {
			isa = XCConfigurationList;
			buildConfigurations = (
				1140EE9B2F6C2E5E00548DC3 /* Debug */,
				1140EE9C2F6C2E5E00548DC3 /* Release */,
			);
			defaultConfigurationIsVisible = 0;
			defaultConfigurationName = Release;
		};
/* End XCConfigurationList section */

/* Begin XCRemoteSwiftPackageReference section */
		110F662F2F6D9500004ADE40 /* XCRemoteSwiftPackageReference "firebase-ios-sdk" */ = {
			isa = XCRemoteSwiftPackageReference;
			repositoryURL = "https://github.com/firebase/firebase-ios-sdk";
			requirement = {
				kind = upToNextMajorVersion;
				minimumVersion = 12.11.0;
			};
		};
		110F663C2F6DC1BB004ADE40 /* XCRemoteSwiftPackageReference "OpenAI" */ = {
			isa = XCRemoteSwiftPackageReference;
			repositoryURL = "https://github.com/MacPaw/OpenAI.git";
			requirement = {
				kind = upToNextMajorVersion;
				minimumVersion = 0.4.7;
			};
		};
/* End XCRemoteSwiftPackageReference section */

/* Begin XCSwiftPackageProductDependency section */
		110F66302F6D9500004ADE40 /* FirebaseAnalytics */ = {
			isa = XCSwiftPackageProductDependency;
			package = 110F662F2F6D9500004ADE40 /* XCRemoteSwiftPackageReference "firebase-ios-sdk" */;
			productName = FirebaseAnalytics;
		};
		110F66322F6D9500004ADE40 /* FirebaseAuth */ = {
			isa = XCSwiftPackageProductDependency;
			package = 110F662F2F6D9500004ADE40 /* XCRemoteSwiftPackageReference "firebase-ios-sdk" */;
			productName = FirebaseAuth;
		};
		110F66342F6D9500004ADE40 /* FirebaseFirestore */ = {
			isa = XCSwiftPackageProductDependency;
			package = 110F662F2F6D9500004ADE40 /* XCRemoteSwiftPackageReference "firebase-ios-sdk" */;
			productName = FirebaseFirestore;
		};
		110F66362F6D9500004ADE40 /* FirebaseStorage */ = {
			isa = XCSwiftPackageProductDependency;
			package = 110F662F2F6D9500004ADE40 /* XCRemoteSwiftPackageReference "firebase-ios-sdk" */;
			productName = FirebaseStorage;
		};
		110F66E42F705DF1004ADE40 /* FirebaseMessaging */ = {
			isa = XCSwiftPackageProductDependency;
			package = 110F662F2F6D9500004ADE40 /* XCRemoteSwiftPackageReference "firebase-ios-sdk" */;
			productName = FirebaseMessaging;
		};
/* End XCSwiftPackageProductDependency section */
	};
	rootObject = 1140EE6B2F6C2E5900548DC3 /* Project object */;
}
